// !$*UTF8*$!
{
	archiveVersion = 1;
	classes = {
	};
	objectVersion = 56;
	objects = {

/* Begin PBXBuildFile section */
		760A966F2ADF90C9006CF421 /* wordle_helperApp.swift in Sources */ = {isa = PBXBuildFile; fileRef = 760A966E2ADF90C9006CF421 /* wordle_helperApp.swift */; };
		760A96712ADF90C9006CF421 /* WordleView.swift in Sources */ = {isa = PBXBuildFile; fileRef = 760A96702ADF90C9006CF421 /* WordleView.swift */; };
		760A96732ADF90CA006CF421 /* Assets.xcassets in Resources */ = {isa = PBXBuildFile; fileRef = 760A96722ADF90CA006CF421 /* Assets.xcassets */; };
		760A96762ADF90CA006CF421 /* Preview Assets.xcassets in Resources */ = {isa = PBXBuildFile; fileRef = 760A96752ADF90CA006CF421 /* Preview Assets.xcassets */; };
		7652BFDE2AECB16A00A6B516 /* WordleViewModel.swift in Sources */ = {isa = PBXBuildFile; fileRef = 7652BFDD2AECB16A00A6B516 /* WordleViewModel.swift */; };
		7652BFE12AECB52C00A6B516 /* WordleRow.swift in Sources */ = {isa = PBXBuildFile; fileRef = 7652BFE02AECB52C00A6B516 /* WordleRow.swift */; };
		7652BFE32AECB54C00A6B516 /* WordleBoard.swift in Sources */ = {isa = PBXBuildFile; fileRef = 7652BFE22AECB54C00A6B516 /* WordleBoard.swift */; };
		7652BFE62AECB78700A6B516 /* AddRowButton.swift in Sources */ = {isa = PBXBuildFile; fileRef = 7652BFE52AECB78700A6B516 /* AddRowButton.swift */; };
		7652BFEA2AECB98D00A6B516 /* SolveButton.swift in Sources */ = {isa = PBXBuildFile; fileRef = 7652BFE92AECB98D00A6B516 /* SolveButton.swift */; };
		7652BFEC2AECB9E100A6B516 /* ClearRowsButton.swift in Sources */ = {isa = PBXBuildFile; fileRef = 7652BFEB2AECB9E100A6B516 /* ClearRowsButton.swift */; };
		765A0FA92ADF913200989506 /* words.txt in Resources */ = {isa = PBXBuildFile; fileRef = 765A0FA82ADF913200989506 /* words.txt */; };
		765A0FAB2ADF915200989506 /* Solver.swift in Sources */ = {isa = PBXBuildFile; fileRef = 765A0FAA2ADF915200989506 /* Solver.swift */; };
		76D064322AE719E200DA74D5 /* WordleSolutionView.swift in Sources */ = {isa = PBXBuildFile; fileRef = 76D064312AE719E200DA74D5 /* WordleSolutionView.swift */; };
		76D3A9F92AE6072A007BD723 /* WordleRowView.swift in Sources */ = {isa = PBXBuildFile; fileRef = 76D3A9F82AE6072A007BD723 /* WordleRowView.swift */; };
/* End PBXBuildFile section */

/* Begin PBXFileReference section */
		760A966B2ADF90C9006CF421 /* wordle-helper.app */ = {isa = PBXFileReference; explicitFileType = wrapper.application; includeInIndex = 0; path = "wordle-helper.app"; sourceTree = BUILT_PRODUCTS_DIR; };
		760A966E2ADF90C9006CF421 /* wordle_helperApp.swift */ = {isa = PBXFileReference; lastKnownFileType = sourcecode.swift; path = wordle_helperApp.swift; sourceTree = "<group>"; };
		760A96702ADF90C9006CF421 /* WordleView.swift */ = {isa = PBXFileReference; lastKnownFileType = sourcecode.swift; path = WordleView.swift; sourceTree = "<group>"; };
		760A96722ADF90CA006CF421 /* Assets.xcassets */ = {isa = PBXFileReference; lastKnownFileType = folder.assetcatalog; path = Assets.xcassets; sourceTree = "<group>"; };
		760A96752ADF90CA006CF421 /* Preview Assets.xcassets */ = {isa = PBXFileReference; lastKnownFileType = folder.assetcatalog; path = "Preview Assets.xcassets"; sourceTree = "<group>"; };
		7652BFDD2AECB16A00A6B516 /* WordleViewModel.swift */ = {isa = PBXFileReference; lastKnownFileType = sourcecode.swift; path = WordleViewModel.swift; sourceTree = "<group>"; };
		7652BFE02AECB52C00A6B516 /* WordleRow.swift */ = {isa = PBXFileReference; lastKnownFileType = sourcecode.swift; path = WordleRow.swift; sourceTree = "<group>"; };
		7652BFE22AECB54C00A6B516 /* WordleBoard.swift */ = {isa = PBXFileReference; lastKnownFileType = sourcecode.swift; path = WordleBoard.swift; sourceTree = "<group>"; };
		7652BFE52AECB78700A6B516 /* AddRowButton.swift */ = {isa = PBXFileReference; lastKnownFileType = sourcecode.swift; path = AddRowButton.swift; sourceTree = "<group>"; };
		7652BFE92AECB98D00A6B516 /* SolveButton.swift */ = {isa = PBXFileReference; lastKnownFileType = sourcecode.swift; path = SolveButton.swift; sourceTree = "<group>"; };
		7652BFEB2AECB9E100A6B516 /* ClearRowsButton.swift */ = {isa = PBXFileReference; lastKnownFileType = sourcecode.swift; path = ClearRowsButton.swift; sourceTree = "<group>"; };
		765A0FA82ADF913200989506 /* words.txt */ = {isa = PBXFileReference; fileEncoding = 4; lastKnownFileType = text; path = words.txt; sourceTree = "<group>"; };
		765A0FAA2ADF915200989506 /* Solver.swift */ = {isa = PBXFileReference; lastKnownFileType = sourcecode.swift; path = Solver.swift; sourceTree = "<group>"; };
		76D064312AE719E200DA74D5 /* WordleSolutionView.swift */ = {isa = PBXFileReference; lastKnownFileType = sourcecode.swift; path = WordleSolutionView.swift; sourceTree = "<group>"; };
		76D3A9F82AE6072A007BD723 /* WordleRowView.swift */ = {isa = PBXFileReference; lastKnownFileType = sourcecode.swift; path = WordleRowView.swift; sourceTree = "<group>"; };
/* End PBXFileReference section */

/* Begin PBXFrameworksBuildPhase section */
		760A96682ADF90C9006CF421 /* Frameworks */ = {
			isa = PBXFrameworksBuildPhase;
			buildActionMask = 2147483647;
			files = (
			);
			runOnlyForDeploymentPostprocessing = 0;
		};
/* End PBXFrameworksBuildPhase section */

/* Begin PBXGroup section */
		760A96622ADF90C9006CF421 = {
			isa = PBXGroup;
			children = (
				760A966D2ADF90C9006CF421 /* wordle-helper */,
				760A966C2ADF90C9006CF421 /* Products */,
			);
			sourceTree = "<group>";
		};
		760A966C2ADF90C9006CF421 /* Products */ = {
			isa = PBXGroup;
			children = (
				760A966B2ADF90C9006CF421 /* wordle-helper.app */,
			);
			name = Products;
			sourceTree = "<group>";
		};
		760A966D2ADF90C9006CF421 /* wordle-helper */ = {
			isa = PBXGroup;
			children = (
				7652BFE82AECB8BC00A6B516 /* Utilities */,
				7652BFE72AECB88600A6B516 /* Screens */,
				7652BFE42AECB77B00A6B516 /* Views */,
				7652BFDF2AECB4FC00A6B516 /* Models */,
				760A966E2ADF90C9006CF421 /* wordle_helperApp.swift */,
				760A96742ADF90CA006CF421 /* Preview Content */,
				760A96722ADF90CA006CF421 /* Assets.xcassets */,
			);
			path = "wordle-helper";
			sourceTree = "<group>";
		};
		760A96742ADF90CA006CF421 /* Preview Content */ = {
			isa = PBXGroup;
			children = (
				760A96752ADF90CA006CF421 /* Preview Assets.xcassets */,
			);
			path = "Preview Content";
			sourceTree = "<group>";
		};
		7652BFDF2AECB4FC00A6B516 /* Models */ = {
			isa = PBXGroup;
			children = (
				7652BFE02AECB52C00A6B516 /* WordleRow.swift */,
				7652BFE22AECB54C00A6B516 /* WordleBoard.swift */,
			);
			path = Models;
			sourceTree = "<group>";
		};
		7652BFE42AECB77B00A6B516 /* Views */ = {
			isa = PBXGroup;
			children = (
				76D3A9F82AE6072A007BD723 /* WordleRowView.swift */,
				7652BFEB2AECB9E100A6B516 /* ClearRowsButton.swift */,
				7652BFE52AECB78700A6B516 /* AddRowButton.swift */,
				7652BFE92AECB98D00A6B516 /* SolveButton.swift */,
			);
			path = Views;
			sourceTree = "<group>";
		};
		7652BFE72AECB88600A6B516 /* Screens */ = {
			isa = PBXGroup;
			children = (
				760A96702ADF90C9006CF421 /* WordleView.swift */,
				7652BFDD2AECB16A00A6B516 /* WordleViewModel.swift */,
				76D064312AE719E200DA74D5 /* WordleSolutionView.swift */,
			);
			path = Screens;
			sourceTree = "<group>";
		};
		7652BFE82AECB8BC00A6B516 /* Utilities */ = {
			isa = PBXGroup;
			children = (
				765A0FAA2ADF915200989506 /* Solver.swift */,
				765A0FA82ADF913200989506 /* words.txt */,
			);
			path = Utilities;
			sourceTree = "<group>";
		};
/* End PBXGroup section */

/* Begin PBXNativeTarget section */
		760A966A2ADF90C9006CF421 /* wordle-helper */ = {
			isa = PBXNativeTarget;
			buildConfigurationList = 760A96792ADF90CA006CF421 /* Build configuration list for PBXNativeTarget "wordle-helper" */;
			buildPhases = (
				760A96672ADF90C9006CF421 /* Sources */,
				760A96682ADF90C9006CF421 /* Frameworks */,
				760A96692ADF90C9006CF421 /* Resources */,
			);
			buildRules = (
			);
			dependencies = (
			);
			name = "wordle-helper";
			productName = "wordle-helper";
			productReference = 760A966B2ADF90C9006CF421 /* wordle-helper.app */;
			productType = "com.apple.product-type.application";
		};
/* End PBXNativeTarget section */

/* Begin PBXProject section */
		760A96632ADF90C9006CF421 /* Project object */ = {
			isa = PBXProject;
			attributes = {
				BuildIndependentTargetsInParallel = 1;
				LastSwiftUpdateCheck = 1500;
				LastUpgradeCheck = 1500;
				TargetAttributes = {
					760A966A2ADF90C9006CF421 = {
						CreatedOnToolsVersion = 15.0;
					};
				};
			};
			buildConfigurationList = 760A96662ADF90C9006CF421 /* Build configuration list for PBXProject "wordle-helper" */;
			compatibilityVersion = "Xcode 14.0";
			developmentRegion = en;
			hasScannedForEncodings = 0;
			knownRegions = (
				en,
				Base,
			);
			mainGroup = 760A96622ADF90C9006CF421;
			productRefGroup = 760A966C2ADF90C9006CF421 /* Products */;
			projectDirPath = "";
			projectRoot = "";
			targets = (
				760A966A2ADF90C9006CF421 /* wordle-helper */,
			);
		};
/* End PBXProject section */

/* Begin PBXResourcesBuildPhase section */
		760A96692ADF90C9006CF421 /* Resources */ = {
			isa = PBXResourcesBuildPhase;
			buildActionMask = 2147483647;
			files = (
				765A0FA92ADF913200989506 /* words.txt in Resources */,
				760A96762ADF90CA006CF421 /* Preview Assets.xcassets in Resources */,
				760A96732ADF90CA006CF421 /* Assets.xcassets in Resources */,
			);
			runOnlyForDeploymentPostprocessing = 0;
		};
/* End PBXResourcesBuildPhase section */

/* Begin PBXSourcesBuildPhase section */
		760A96672ADF90C9006CF421 /* Sources */ = {
			isa = PBXSourcesBuildPhase;
			buildActionMask = 2147483647;
			files = (
				7652BFE12AECB52C00A6B516 /* WordleRow.swift in Sources */,
				7652BFE32AECB54C00A6B516 /* WordleBoard.swift in Sources */,
				760A96712ADF90C9006CF421 /* WordleView.swift in Sources */,
				760A966F2ADF90C9006CF421 /* wordle_helperApp.swift in Sources */,
				7652BFE62AECB78700A6B516 /* AddRowButton.swift in Sources */,
				76D3A9F92AE6072A007BD723 /* WordleRowView.swift in Sources */,
				7652BFEC2AECB9E100A6B516 /* ClearRowsButton.swift in Sources */,
				76D064322AE719E200DA74D5 /* WordleSolutionView.swift in Sources */,
				765A0FAB2ADF915200989506 /* Solver.swift in Sources */,
				7652BFDE2AECB16A00A6B516 /* WordleViewModel.swift in Sources */,
				7652BFEA2AECB98D00A6B516 /* SolveButton.swift in Sources */,
			);
			runOnlyForDeploymentPostprocessing = 0;
		};
/* End PBXSourcesBuildPhase section */

/* Begin XCBuildConfiguration section */
		760A96772ADF90CA006CF421 /* Debug */ = {
			isa = XCBuildConfiguration;
			buildSettings = {
				ALWAYS_SEARCH_USER_PATHS = NO;
				ASSETCATALOG_COMPILER_GENERATE_SWIFT_ASSET_SYMBOL_EXTENSIONS = YES;
				CLANG_ANALYZER_NONNULL = YES;
				CLANG_ANALYZER_NUMBER_OBJECT_CONVERSION = YES_AGGRESSIVE;
				CLANG_CXX_LANGUAGE_STANDARD = "gnu++20";
				CLANG_ENABLE_MODULES = YES;
				CLANG_ENABLE_OBJC_ARC = YES;
				CLANG_ENABLE_OBJC_WEAK = YES;
				CLANG_WARN_BLOCK_CAPTURE_AUTORELEASING = YES;
				CLANG_WARN_BOOL_CONVERSION = YES;
				CLANG_WARN_COMMA = YES;
				CLANG_WARN_CONSTANT_CONVERSION = YES;
				CLANG_WARN_DEPRECATED_OBJC_IMPLEMENTATIONS = YES;
				CLANG_WARN_DIRECT_OBJC_ISA_USAGE = YES_ERROR;
				CLANG_WARN_DOCUMENTATION_COMMENTS = YES;
				CLANG_WARN_EMPTY_BODY = YES;
				CLANG_WARN_ENUM_CONVERSION = YES;
				CLANG_WARN_INFINITE_RECURSION = YES;
				CLANG_WARN_INT_CONVERSION = YES;
				CLANG_WARN_NON_LITERAL_NULL_CONVERSION = YES;
				CLANG_WARN_OBJC_IMPLICIT_RETAIN_SELF = YES;
				CLANG_WARN_OBJC_LITERAL_CONVERSION = YES;
				CLANG_WARN_OBJC_ROOT_CLASS = YES_ERROR;
				CLANG_WARN_QUOTED_INCLUDE_IN_FRAMEWORK_HEADER = YES;
				CLANG_WARN_RANGE_LOOP_ANALYSIS = YES;
				CLANG_WARN_STRICT_PROTOTYPES = YES;
				CLANG_WARN_SUSPICIOUS_MOVE = YES;
				CLANG_WARN_UNGUARDED_AVAILABILITY = YES_AGGRESSIVE;
				CLANG_WARN_UNREACHABLE_CODE = YES;
				CLANG_WARN__DUPLICATE_METHOD_MATCH = YES;
				COPY_PHASE_STRIP = NO;
				DEBUG_INFORMATION_FORMAT = dwarf;
				ENABLE_STRICT_OBJC_MSGSEND = YES;
				ENABLE_TESTABILITY = YES;
				ENABLE_USER_SCRIPT_SANDBOXING = YES;
				GCC_C_LANGUAGE_STANDARD = gnu17;
				GCC_DYNAMIC_NO_PIC = NO;
				GCC_NO_COMMON_BLOCKS = YES;
				GCC_OPTIMIZATION_LEVEL = 0;
				GCC_PREPROCESSOR_DEFINITIONS = (
					"DEBUG=1",
					"$(inherited)",
				);
				GCC_WARN_64_TO_32_BIT_CONVERSION = YES;
				GCC_WARN_ABOUT_RETURN_TYPE = YES_ERROR;
				GCC_WARN_UNDECLARED_SELECTOR = YES;
				GCC_WARN_UNINITIALIZED_AUTOS = YES_AGGRESSIVE;
				GCC_WARN_UNUSED_FUNCTION = YES;
				GCC_WARN_UNUSED_VARIABLE = YES;
				IPHONEOS_DEPLOYMENT_TARGET = 17.0;
				LOCALIZATION_PREFERS_STRING_CATALOGS = YES;
				MTL_ENABLE_DEBUG_INFO = INCLUDE_SOURCE;
				MTL_FAST_MATH = YES;
				ONLY_ACTIVE_ARCH = YES;
				SDKROOT = iphoneos;
				SWIFT_ACTIVE_COMPILATION_CONDITIONS = "DEBUG $(inherited)";
				SWIFT_OPTIMIZATION_LEVEL = "-Onone";
			};
			name = Debug;
		};
		760A96782ADF90CA006CF421 /* Release */ = {
			isa = XCBuildConfiguration;
			buildSettings = {
				ALWAYS_SEARCH_USER_PATHS = NO;
				ASSETCATALOG_COMPILER_GENERATE_SWIFT_ASSET_SYMBOL_EXTENSIONS = YES;
				CLANG_ANALYZER_NONNULL = YES;
				CLANG_ANALYZER_NUMBER_OBJECT_CONVERSION = YES_AGGRESSIVE;
				CLANG_CXX_LANGUAGE_STANDARD = "gnu++20";
				CLANG_ENABLE_MODULES = YES;
				CLANG_ENABLE_OBJC_ARC = YES;
				CLANG_ENABLE_OBJC_WEAK = YES;
				CLANG_WARN_BLOCK_CAPTURE_AUTORELEASING = YES;
				CLANG_WARN_BOOL_CONVERSION = YES;
				CLANG_WARN_COMMA = YES;
				CLANG_WARN_CONSTANT_CONVERSION = YES;
				CLANG_WARN_DEPRECATED_OBJC_IMPLEMENTATIONS = YES;
				CLANG_WARN_DIRECT_OBJC_ISA_USAGE = YES_ERROR;
				CLANG_WARN_DOCUMENTATION_COMMENTS = YES;
				CLANG_WARN_EMPTY_BODY = YES;
				CLANG_WARN_ENUM_CONVERSION = YES;
				CLANG_WARN_INFINITE_RECURSION = YES;
				CLANG_WARN_INT_CONVERSION = YES;
				CLANG_WARN_NON_LITERAL_NULL_CONVERSION = YES;
				CLANG_WARN_OBJC_IMPLICIT_RETAIN_SELF = YES;
				CLANG_WARN_OBJC_LITERAL_CONVERSION = YES;
				CLANG_WARN_OBJC_ROOT_CLASS = YES_ERROR;
				CLANG_WARN_QUOTED_INCLUDE_IN_FRAMEWORK_HEADER = YES;
				CLANG_WARN_RANGE_LOOP_ANALYSIS = YES;
				CLANG_WARN_STRICT_PROTOTYPES = YES;
				CLANG_WARN_SUSPICIOUS_MOVE = YES;
				CLANG_WARN_UNGUARDED_AVAILABILITY = YES_AGGRESSIVE;
				CLANG_WARN_UNREACHABLE_CODE = YES;
				CLANG_WARN__DUPLICATE_METHOD_MATCH = YES;
				COPY_PHASE_STRIP = NO;
				DEBUG_INFORMATION_FORMAT = "dwarf-with-dsym";
				ENABLE_NS_ASSERTIONS = NO;
				ENABLE_STRICT_OBJC_MSGSEND = YES;
				ENABLE_USER_SCRIPT_SANDBOXING = YES;
				GCC_C_LANGUAGE_STANDARD = gnu17;
				GCC_NO_COMMON_BLOCKS = YES;
				GCC_WARN_64_TO_32_BIT_CONVERSION = YES;
				GCC_WARN_ABOUT_RETURN_TYPE = YES_ERROR;
				GCC_WARN_UNDECLARED_SELECTOR = YES;
				GCC_WARN_UNINITIALIZED_AUTOS = YES_AGGRESSIVE;
				GCC_WARN_UNUSED_FUNCTION = YES;
				GCC_WARN_UNUSED_VARIABLE = YES;
				IPHONEOS_DEPLOYMENT_TARGET = 17.0;
				LOCALIZATION_PREFERS_STRING_CATALOGS = YES;
				MTL_ENABLE_DEBUG_INFO = NO;
				MTL_FAST_MATH = YES;
				SDKROOT = iphoneos;
				SWIFT_COMPILATION_MODE = wholemodule;
				VALIDATE_PRODUCT = YES;
			};
			name = Release;
		};
		760A967A2ADF90CA006CF421 /* Debug */ = {
			isa = XCBuildConfiguration;
			buildSettings = {
				ASSETCATALOG_COMPILER_APPICON_NAME = AppIcon;
				ASSETCATALOG_COMPILER_GLOBAL_ACCENT_COLOR_NAME = AccentColor;
				CODE_SIGN_STYLE = Automatic;
				CURRENT_PROJECT_VERSION = 1;
				DEVELOPMENT_ASSET_PATHS = "\"wordle-helper/Preview Content\"";
				DEVELOPMENT_TEAM = YUAFTLM7Q5;
				ENABLE_PREVIEWS = YES;
				GENERATE_INFOPLIST_FILE = YES;
				INFOPLIST_KEY_UIApplicationSceneManifest_Generation = YES;
				INFOPLIST_KEY_UIApplicationSupportsIndirectInputEvents = YES;
				INFOPLIST_KEY_UILaunchScreen_Generation = YES;
				INFOPLIST_KEY_UISupportedInterfaceOrientations = UIInterfaceOrientationPortrait;
				INFOPLIST_KEY_UISupportedInterfaceOrientations_iPad = "UIInterfaceOrientationLandscapeLeft UIInterfaceOrientationLandscapeRight UIInterfaceOrientationPortrait UIInterfaceOrientationPortraitUpsideDown";
				LD_RUNPATH_SEARCH_PATHS = (
					"$(inherited)",
					"@executable_path/Frameworks",
				);
				MARKETING_VERSION = 1.0;
				PRODUCT_BUNDLE_IDENTIFIER = "com.jbanghw.wordle-solver";
				PRODUCT_NAME = "$(TARGET_NAME)";
				SWIFT_EMIT_LOC_STRINGS = YES;
				SWIFT_VERSION = 5.0;
				TARGETED_DEVICE_FAMILY = "1,2";
			};
			name = Debug;
		};
		760A967B2ADF90CA006CF421 /* Release */ = {
			isa = XCBuildConfiguration;
			buildSettings = {
				ASSETCATALOG_COMPILER_APPICON_NAME = AppIcon;
				ASSETCATALOG_COMPILER_GLOBAL_ACCENT_COLOR_NAME = AccentColor;
				CODE_SIGN_STYLE = Automatic;
				CURRENT_PROJECT_VERSION = 1;
				DEVELOPMENT_ASSET_PATHS = "\"wordle-helper/Preview Content\"";
				DEVELOPMENT_TEAM = YUAFTLM7Q5;
				ENABLE_PREVIEWS = YES;
				GENERATE_INFOPLIST_FILE = YES;
				INFOPLIST_KEY_UIApplicationSceneManifest_Generation = YES;
				INFOPLIST_KEY_UIApplicationSupportsIndirectInputEvents = YES;
				INFOPLIST_KEY_UILaunchScreen_Generation = YES;
				INFOPLIST_KEY_UISupportedInterfaceOrientations = UIInterfaceOrientationPortrait;
				INFOPLIST_KEY_UISupportedInterfaceOrientations_iPad = "UIInterfaceOrientationLandscapeLeft UIInterfaceOrientationLandscapeRight UIInterfaceOrientationPortrait UIInterfaceOrientationPortraitUpsideDown";
				LD_RUNPATH_SEARCH_PATHS = (
					"$(inherited)",
					"@executable_path/Frameworks",
				);
				MARKETING_VERSION = 1.0;
				PRODUCT_BUNDLE_IDENTIFIER = "com.jbanghw.wordle-solver";
				PRODUCT_NAME = "$(TARGET_NAME)";
				SWIFT_EMIT_LOC_STRINGS = YES;
				SWIFT_VERSION = 5.0;
				TARGETED_DEVICE_FAMILY = "1,2";
			};
			name = Release;
		};
/* End XCBuildConfiguration section */

/* Begin XCConfigurationList section */
		760A96662ADF90C9006CF421 /* Build configuration list for PBXProject "wordle-helper" */ = {
			isa = XCConfigurationList;
			buildConfigurations = (
				760A96772ADF90CA006CF421 /* Debug */,
				760A96782ADF90CA006CF421 /* Release */,
			);
			defaultConfigurationIsVisible = 0;
			defaultConfigurationName = Release;
		};
		760A96792ADF90CA006CF421 /* Build configuration list for PBXNativeTarget "wordle-helper" */ = {
			isa = XCConfigurationList;
			buildConfigurations = (
				760A967A2ADF90CA006CF421 /* Debug */,
				760A967B2ADF90CA006CF421 /* Release */,
			);
			defaultConfigurationIsVisible = 0;
			defaultConfigurationName = Release;
		};
/* End XCConfigurationList section */
	};
	rootObject = 760A96632ADF90C9006CF421 /* Project object */;
}
